
Microsoft Visual Studio Solution File, Format Version 12.00
# Visual Studio 2012
Project("{6989167D-11E4-40FE-8C1A-2192A86A7E90}") = "IncrementalDriver", "IncrementalDriver\IncrementalDriver.vfproj", "{56F1EB2E-FEBA-4793-9FE0-FAD4F8CF4A5C}"
EndProject
Global
	GlobalSection(SolutionConfigurationPlatforms) = preSolution
		Debug|Win32 = Debug|Win32
		Release|Win32 = Release|Win32
	EndGlobalSection
	GlobalSection(ProjectConfigurationPlatforms) = postSolution
		{56F1EB2E-FEBA-4793-9FE0-FAD4F8CF4A5C}.Debug|Win32.ActiveCfg = Debug|Win32
		{56F1EB2E-FEBA-4793-9FE0-FAD4F8CF4A5C}.Debug|Win32.Build.0 = Debug|Win32
		{56F1EB2E-FEBA-4793-9FE0-FAD4F8CF4A5C}.Release|Win32.ActiveCfg = Release|Win32
		{56F1EB2E-FEBA-4793-9FE0-FAD4F8CF4A5C}.Release|Win32.Build.0 = Release|Win32
	EndGlobalSection
	GlobalSection(SolutionProperties) = preSolution
		HideSolutionNode = FALSE
	EndGlobalSection
EndGlobal
